{
  "name": "CRUD_ENTITY_FRAMEWORK_CORE",
  "lockfileVersion": 2,
  "requires": true,
  "packages": {
    "": {
      "dependencies": {
        "ef": "^0.0.3"
      }
    },
    "node_modules/ef": {
      "version": "0.0.3",
      "resolved": "https://registry.npmjs.org/ef/-/ef-0.0.3.tgz",
      "integrity": "sha1-NmZ2bsk/t+iD0feaG2Jo34ykqP4=",
      "dependencies": {
        "fn-arity": "0.0.1"
      }
    },
    "node_modules/fn-arity": {
      "version": "0.0.1",
      "resolved": "https://registry.npmjs.org/fn-arity/-/fn-arity-0.0.1.tgz",
      "integrity": "sha1-P7RM8j3mAoLBdxqlKDcTvE2HO+U="
    }
  },
  "dependencies": {
    "ef": {
      "version": "0.0.3",
      "resolved": "https://registry.npmjs.org/ef/-/ef-0.0.3.tgz",
      "integrity": "sha1-NmZ2bsk/t+iD0feaG2Jo34ykqP4=",
      "requires": {
        "fn-arity": "0.0.1"
      }
    },
    "fn-arity": {
      "version": "0.0.1",
      "resolved": "https://registry.npmjs.org/fn-arity/-/fn-arity-0.0.1.tgz",
      "integrity": "sha1-P7RM8j3mAoLBdxqlKDcTvE2HO+U="
    }
  }
}
